
Microsoft Visual Studio Solution File, Format Version 12.00
# Visual Studio 15
VisualStudioVersion = 15.0.28307.572
MinimumVisualStudioVersion = 10.0.40219.1
Project("{FAE04EC0-301F-11D3-BF4B-00C04F79EFBC}") = "JTNote", "JTNote\JTNote.csproj", "{AE6BFC4A-8381-47F8-A79B-2F251920A13D}"
EndProject
Global
	GlobalSection(SolutionConfigurationPlatforms) = preSolution
		Debug|Any CPU = Debug|Any CPU
		Release|Any CPU = Release|Any CPU
	EndGlobalSection
	GlobalSection(ProjectConfigurationPlatforms) = postSolution
		{AE6BFC4A-8381-47F8-A79B-2F251920A13D}.Debug|Any CPU.ActiveCfg = Debug|Any CPU
		{AE6BFC4A-8381-47F8-A79B-2F251920A13D}.Debug|Any CPU.Build.0 = Debug|Any CPU
		{AE6BFC4A-8381-47F8-A79B-2F251920A13D}.Release|Any CPU.ActiveCfg = Release|Any CPU
		{AE6BFC4A-8381-47F8-A79B-2F251920A13D}.Release|Any CPU.Build.0 = Release|Any CPU
	EndGlobalSection
	GlobalSection(SolutionProperties) = preSolution
		HideSolutionNode = FALSE
	EndGlobalSection
	GlobalSection(ExtensibilityGlobals) = postSolution
		SolutionGuid = {7F400025-AA26-4882-93A8-41C097ADDD30}
	EndGlobalSection
EndGlobal
